github.com/ossrs/go-oryx-lib v0.0.9 h1:piZkzit/1hqAcXP31/mvDEDpHVjCmBMmvzF3hN8hUuQ=
github.com/ossrs/go-oryx-lib v0.0.9/go.mod h1:i2tH4TZBzAw5h+HwGrNOKvP/nmZgSQz0OEnLLdzcT/8=
github.com/pkg/errors v0.9.1 h1:FEBLx1zS214owpjy7qsBeixbURkuhQAwrK5UwLGTwt4=
github.com/pkg/errors v0.9.1/go.mod h1:bwawxfHBFNV+L2hUp1rHADufV3IMtnDRdf1r5NINEl0=
go.etcd.io/etcd v0.5.0-alpha.5 h1:VOolFSo3XgsmnYDLozjvZ6JL6AAwIDu1Yx1y+4EYLDo=
go.etcd.io/etcd v3.3.27+incompatible h1:5hMrpf6REqTHV2LW2OclNpRtxI0k9ZplMemJsMSWju0=
go.etcd.io/etcd v3.3.27+incompatible/go.mod h1:yaeTdrJi5lOmYerz05bd8+V7KubZs8YSFZfzsF9A6aI=
